
Microsoft Visual Studio Solution File, Format Version 12.00
# Visual Studio Version 17
VisualStudioVersion = 17.1.32414.318
MinimumVisualStudioVersion = 10.0.40219.1
Project("{FAE04EC0-301F-11D3-BF4B-00C04F79EFBC}") = "Back.Mercurio.Api", "Back.Mercurio.Api.csproj", "{45FF7348-A5C8-429D-9DB7-429C28DFB699}"
EndProject
Project("{FAE04EC0-301F-11D3-BF4B-00C04F79EFBC}") = "Back.Mercurio.Domain", "..\Back.Mercurio.Domain\Back.Mercurio.Domain.csproj", "{3A4AEF2B-8C47-4759-85AF-4E1E7731CB41}"
EndProject
Project("{FAE04EC0-301F-11D3-BF4B-00C04F79EFBC}") = "Back.Mercurio.Application", "..\Back.Mercurio.Application\Back.Mercurio.Application.csproj", "{8D91660F-D802-4E06-992E-9260128E352A}"
EndProject
Project("{FAE04EC0-301F-11D3-BF4B-00C04F79EFBC}") = "Back.Mercurio.Infrastructure", "..\Back.Mercurio.Infrastructure\Back.Mercurio.Infrastructure.csproj", "{2C0832C4-85B0-4A7D-9AC2-55D2AD7F8C86}"
EndProject
Project("{FAE04EC0-301F-11D3-BF4B-00C04F79EFBC}") = "Back.Mercurio.Test", "..\Back.Mercurio.Test\Back.Mercurio.Test.csproj", "{318F39A7-7B66-4285-AD42-3F0A9A242EDE}"
EndProject
Global
	GlobalSection(SolutionConfigurationPlatforms) = preSolution
		Debug|Any CPU = Debug|Any CPU
		Release|Any CPU = Release|Any CPU
	EndGlobalSection
	GlobalSection(ProjectConfigurationPlatforms) = postSolution
		{45FF7348-A5C8-429D-9DB7-429C28DFB699}.Debug|Any CPU.ActiveCfg = Debug|Any CPU
		{45FF7348-A5C8-429D-9DB7-429C28DFB699}.Debug|Any CPU.Build.0 = Debug|Any CPU
		{45FF7348-A5C8-429D-9DB7-429C28DFB699}.Release|Any CPU.ActiveCfg = Release|Any CPU
		{45FF7348-A5C8-429D-9DB7-429C28DFB699}.Release|Any CPU.Build.0 = Release|Any CPU
		{3A4AEF2B-8C47-4759-85AF-4E1E7731CB41}.Debug|Any CPU.ActiveCfg = Debug|Any CPU
		{3A4AEF2B-8C47-4759-85AF-4E1E7731CB41}.Debug|Any CPU.Build.0 = Debug|Any CPU
		{3A4AEF2B-8C47-4759-85AF-4E1E7731CB41}.Release|Any CPU.ActiveCfg = Release|Any CPU
		{3A4AEF2B-8C47-4759-85AF-4E1E7731CB41}.Release|Any CPU.Build.0 = Release|Any CPU
		{8D91660F-D802-4E06-992E-9260128E352A}.Debug|Any CPU.ActiveCfg = Debug|Any CPU
		{8D91660F-D802-4E06-992E-9260128E352A}.Debug|Any CPU.Build.0 = Debug|Any CPU
		{8D91660F-D802-4E06-992E-9260128E352A}.Release|Any CPU.ActiveCfg = Release|Any CPU
		{8D91660F-D802-4E06-992E-9260128E352A}.Release|Any CPU.Build.0 = Release|Any CPU
		{2C0832C4-85B0-4A7D-9AC2-55D2AD7F8C86}.Debug|Any CPU.ActiveCfg = Debug|Any CPU
		{2C0832C4-85B0-4A7D-9AC2-55D2AD7F8C86}.Debug|Any CPU.Build.0 = Debug|Any CPU
		{2C0832C4-85B0-4A7D-9AC2-55D2AD7F8C86}.Release|Any CPU.ActiveCfg = Release|Any CPU
		{2C0832C4-85B0-4A7D-9AC2-55D2AD7F8C86}.Release|Any CPU.Build.0 = Release|Any CPU
		{318F39A7-7B66-4285-AD42-3F0A9A242EDE}.Debug|Any CPU.ActiveCfg = Debug|Any CPU
		{318F39A7-7B66-4285-AD42-3F0A9A242EDE}.Debug|Any CPU.Build.0 = Debug|Any CPU
		{318F39A7-7B66-4285-AD42-3F0A9A242EDE}.Release|Any CPU.ActiveCfg = Release|Any CPU
		{318F39A7-7B66-4285-AD42-3F0A9A242EDE}.Release|Any CPU.Build.0 = Release|Any CPU
	EndGlobalSection
	GlobalSection(SolutionProperties) = preSolution
		HideSolutionNode = FALSE
	EndGlobalSection
	GlobalSection(ExtensibilityGlobals) = postSolution
		SolutionGuid = {769FE119-B0C4-430C-8A21-5C182FF97AF7}
	EndGlobalSection
EndGlobal
